
Microsoft Visual Studio Solution File, Format Version 12.00
# Visual Studio Version 17
VisualStudioVersion = 17.2.32505.173
MinimumVisualStudioVersion = 10.0.40219.1
Project("{8BC9CEB8-8B4A-11D0-8D11-00A0C91BC942}") = "Project1", "Project1\Project1.vcxproj", "{7CD77893-1098-419A-A9A1-E2FC102F559D}"
EndProject
Global
	GlobalSection(SolutionConfigurationPlatforms) = preSolution
		Debug|x64 = Debug|x64
		Debug|x86 = Debug|x86
		Release|x64 = Release|x64
		Release|x86 = Release|x86
	EndGlobalSection
	GlobalSection(ProjectConfigurationPlatforms) = postSolution
		{7CD77893-1098-419A-A9A1-E2FC102F559D}.Debug|x64.ActiveCfg = Debug|x64
		{7CD77893-1098-419A-A9A1-E2FC102F559D}.Debug|x64.Build.0 = Debug|x64
		{7CD77893-1098-419A-A9A1-E2FC102F559D}.Debug|x86.ActiveCfg = Debug|Win32
		{7CD77893-1098-419A-A9A1-E2FC102F559D}.Debug|x86.Build.0 = Debug|Win32
		{7CD77893-1098-419A-A9A1-E2FC102F559D}.Release|x64.ActiveCfg = Release|x64
		{7CD77893-1098-419A-A9A1-E2FC102F559D}.Release|x64.Build.0 = Release|x64
		{7CD77893-1098-419A-A9A1-E2FC102F559D}.Release|x86.ActiveCfg = Release|Win32
		{7CD77893-1098-419A-A9A1-E2FC102F559D}.Release|x86.Build.0 = Release|Win32
	EndGlobalSection
	GlobalSection(SolutionProperties) = preSolution
		HideSolutionNode = FALSE
	EndGlobalSection
	GlobalSection(ExtensibilityGlobals) = postSolution
		SolutionGuid = {EC443735-BA1F-43E8-AB95-DAC0730A1CEB}
	EndGlobalSection
EndGlobal
